
Microsoft Visual Studio Solution File, Format Version 12.00
# Visual Studio Version 17
VisualStudioVersion = 17.13.35913.81 d17.13
MinimumVisualStudioVersion = 10.0.40219.1
Project("{FAE04EC0-301F-11D3-BF4B-00C04F79EFBC}") = "JianGong_As3_Task1", "JianGong_As3_Task1\JianGong_As3_Task1.csproj", "{292C566F-49B3-42E1-8789-1175395E340C}"
EndProject
Global
	GlobalSection(SolutionConfigurationPlatforms) = preSolution
		Debug|Any CPU = Debug|Any CPU
		Release|Any CPU = Release|Any CPU
	EndGlobalSection
	GlobalSection(ProjectConfigurationPlatforms) = postSolution
		{292C566F-49B3-42E1-8789-1175395E340C}.Debug|Any CPU.ActiveCfg = Debug|Any CPU
		{292C566F-49B3-42E1-8789-1175395E340C}.Debug|Any CPU.Build.0 = Debug|Any CPU
		{292C566F-49B3-42E1-8789-1175395E340C}.Release|Any CPU.ActiveCfg = Release|Any CPU
		{292C566F-49B3-42E1-8789-1175395E340C}.Release|Any CPU.Build.0 = Release|Any CPU
	EndGlobalSection
	GlobalSection(SolutionProperties) = preSolution
		HideSolutionNode = FALSE
	EndGlobalSection
	GlobalSection(ExtensibilityGlobals) = postSolution
		SolutionGuid = {65987BEE-F852-43C6-A48C-7EDDD0CC47C7}
	EndGlobalSection
EndGlobal
